
Microsoft Visual Studio Solution File, Format Version 12.00
# Visual Studio 2013
VisualStudioVersion = 12.0.31101.0
MinimumVisualStudioVersion = 10.0.40219.1
Project("{FAE04EC0-301F-11D3-BF4B-00C04F79EFBC}") = "SubscriberModel", "SubscriberModel\SubscriberModel.csproj", "{9D42BE88-84B2-4E06-B9E1-7A4FC61B37E2}"
EndProject
Project("{FAE04EC0-301F-11D3-BF4B-00C04F79EFBC}") = "CBox", "CBox\CBox.csproj", "{C5CC0C4F-4929-465B-9410-4BA6BE35896B}"
EndProject
Project("{FAE04EC0-301F-11D3-BF4B-00C04F79EFBC}") = "CBoxTest", "CBoxTest\CBoxTest.csproj", "{55E6F614-8345-47B4-B382-9B69244464BF}"
EndProject
Global
	GlobalSection(SolutionConfigurationPlatforms) = preSolution
		Debug|Any CPU = Debug|Any CPU
		Release|Any CPU = Release|Any CPU
	EndGlobalSection
	GlobalSection(ProjectConfigurationPlatforms) = postSolution
		{9D42BE88-84B2-4E06-B9E1-7A4FC61B37E2}.Debug|Any CPU.ActiveCfg = Debug|Any CPU
		{9D42BE88-84B2-4E06-B9E1-7A4FC61B37E2}.Debug|Any CPU.Build.0 = Debug|Any CPU
		{9D42BE88-84B2-4E06-B9E1-7A4FC61B37E2}.Release|Any CPU.ActiveCfg = Release|Any CPU
		{9D42BE88-84B2-4E06-B9E1-7A4FC61B37E2}.Release|Any CPU.Build.0 = Release|Any CPU
		{C5CC0C4F-4929-465B-9410-4BA6BE35896B}.Debug|Any CPU.ActiveCfg = Debug|Any CPU
		{C5CC0C4F-4929-465B-9410-4BA6BE35896B}.Debug|Any CPU.Build.0 = Debug|Any CPU
		{C5CC0C4F-4929-465B-9410-4BA6BE35896B}.Release|Any CPU.ActiveCfg = Release|Any CPU
		{C5CC0C4F-4929-465B-9410-4BA6BE35896B}.Release|Any CPU.Build.0 = Release|Any CPU
		{55E6F614-8345-47B4-B382-9B69244464BF}.Debug|Any CPU.ActiveCfg = Debug|Any CPU
		{55E6F614-8345-47B4-B382-9B69244464BF}.Debug|Any CPU.Build.0 = Debug|Any CPU
		{55E6F614-8345-47B4-B382-9B69244464BF}.Release|Any CPU.ActiveCfg = Release|Any CPU
		{55E6F614-8345-47B4-B382-9B69244464BF}.Release|Any CPU.Build.0 = Release|Any CPU
	EndGlobalSection
	GlobalSection(SolutionProperties) = preSolution
		HideSolutionNode = FALSE
	EndGlobalSection
EndGlobal
