
Microsoft Visual Studio Solution File, Format Version 12.00
# Visual Studio 2013
VisualStudioVersion = 12.0.31101.0
MinimumVisualStudioVersion = 10.0.40219.1
Project("{FAE04EC0-301F-11D3-BF4B-00C04F79EFBC}") = "OntologyEditor", "SubscriberModel\OntologyEditor.csproj", "{9D42BE88-84B2-4E06-B9E1-7A4FC61B37E2}"
EndProject
Project("{FAE04EC0-301F-11D3-BF4B-00C04F79EFBC}") = "CBox", "CBox\CBox.csproj", "{C5CC0C4F-4929-465B-9410-4BA6BE35896B}"
EndProject
Project("{FAE04EC0-301F-11D3-BF4B-00C04F79EFBC}") = "CBoxTest", "CBoxTest\CBoxTest.csproj", "{55E6F614-8345-47B4-B382-9B69244464BF}"
EndProject
Project("{FAE04EC0-301F-11D3-BF4B-00C04F79EFBC}") = "CBoxClient", "CBoxClient\CBoxClient.csproj", "{D45D397E-4A06-4471-BDEF-9A529FA1CF87}"
EndProject
Project("{FAE04EC0-301F-11D3-BF4B-00C04F79EFBC}") = "CBox.Modeling", "CBox.Modeling\CBox.Modeling.csproj", "{70734B43-866F-44F5-B559-CC5A4BD06CAA}"
EndProject
Project("{FAE04EC0-301F-11D3-BF4B-00C04F79EFBC}") = "ModelEditor", "ModelEditor\ModelEditor.csproj", "{C8B55BD2-F48A-4E8D-80A1-F70B24BDE964}"
EndProject
Project("{FAE04EC0-301F-11D3-BF4B-00C04F79EFBC}") = "TestServer", "TestServer\TestServer.csproj", "{ACDA15AA-BC92-4592-BE77-A297F408E637}"
EndProject
Project("{FAE04EC0-301F-11D3-BF4B-00C04F79EFBC}") = "TemplateBuilder", "TemplateBuilder\TemplateBuilder.csproj", "{8E725E57-BD81-429B-9712-4DFB6ADC96E8}"
EndProject
Global
	GlobalSection(SolutionConfigurationPlatforms) = preSolution
		Debug|Any CPU = Debug|Any CPU
		Release|Any CPU = Release|Any CPU
	EndGlobalSection
	GlobalSection(ProjectConfigurationPlatforms) = postSolution
		{9D42BE88-84B2-4E06-B9E1-7A4FC61B37E2}.Debug|Any CPU.ActiveCfg = Debug|Any CPU
		{9D42BE88-84B2-4E06-B9E1-7A4FC61B37E2}.Debug|Any CPU.Build.0 = Debug|Any CPU
		{9D42BE88-84B2-4E06-B9E1-7A4FC61B37E2}.Release|Any CPU.ActiveCfg = Release|Any CPU
		{9D42BE88-84B2-4E06-B9E1-7A4FC61B37E2}.Release|Any CPU.Build.0 = Release|Any CPU
		{C5CC0C4F-4929-465B-9410-4BA6BE35896B}.Debug|Any CPU.ActiveCfg = Debug|Any CPU
		{C5CC0C4F-4929-465B-9410-4BA6BE35896B}.Debug|Any CPU.Build.0 = Debug|Any CPU
		{C5CC0C4F-4929-465B-9410-4BA6BE35896B}.Release|Any CPU.ActiveCfg = Release|Any CPU
		{C5CC0C4F-4929-465B-9410-4BA6BE35896B}.Release|Any CPU.Build.0 = Release|Any CPU
		{55E6F614-8345-47B4-B382-9B69244464BF}.Debug|Any CPU.ActiveCfg = Debug|Any CPU
		{55E6F614-8345-47B4-B382-9B69244464BF}.Debug|Any CPU.Build.0 = Debug|Any CPU
		{55E6F614-8345-47B4-B382-9B69244464BF}.Release|Any CPU.ActiveCfg = Release|Any CPU
		{55E6F614-8345-47B4-B382-9B69244464BF}.Release|Any CPU.Build.0 = Release|Any CPU
		{D45D397E-4A06-4471-BDEF-9A529FA1CF87}.Debug|Any CPU.ActiveCfg = Debug|Any CPU
		{D45D397E-4A06-4471-BDEF-9A529FA1CF87}.Debug|Any CPU.Build.0 = Debug|Any CPU
		{D45D397E-4A06-4471-BDEF-9A529FA1CF87}.Release|Any CPU.ActiveCfg = Release|Any CPU
		{D45D397E-4A06-4471-BDEF-9A529FA1CF87}.Release|Any CPU.Build.0 = Release|Any CPU
		{70734B43-866F-44F5-B559-CC5A4BD06CAA}.Debug|Any CPU.ActiveCfg = Debug|Any CPU
		{70734B43-866F-44F5-B559-CC5A4BD06CAA}.Debug|Any CPU.Build.0 = Debug|Any CPU
		{70734B43-866F-44F5-B559-CC5A4BD06CAA}.Release|Any CPU.ActiveCfg = Release|Any CPU
		{70734B43-866F-44F5-B559-CC5A4BD06CAA}.Release|Any CPU.Build.0 = Release|Any CPU
		{C8B55BD2-F48A-4E8D-80A1-F70B24BDE964}.Debug|Any CPU.ActiveCfg = Debug|Any CPU
		{C8B55BD2-F48A-4E8D-80A1-F70B24BDE964}.Debug|Any CPU.Build.0 = Debug|Any CPU
		{C8B55BD2-F48A-4E8D-80A1-F70B24BDE964}.Release|Any CPU.ActiveCfg = Release|Any CPU
		{C8B55BD2-F48A-4E8D-80A1-F70B24BDE964}.Release|Any CPU.Build.0 = Release|Any CPU
		{ACDA15AA-BC92-4592-BE77-A297F408E637}.Debug|Any CPU.ActiveCfg = Debug|Any CPU
		{ACDA15AA-BC92-4592-BE77-A297F408E637}.Debug|Any CPU.Build.0 = Debug|Any CPU
		{ACDA15AA-BC92-4592-BE77-A297F408E637}.Release|Any CPU.ActiveCfg = Release|Any CPU
		{ACDA15AA-BC92-4592-BE77-A297F408E637}.Release|Any CPU.Build.0 = Release|Any CPU
		{8E725E57-BD81-429B-9712-4DFB6ADC96E8}.Debug|Any CPU.ActiveCfg = Debug|Any CPU
		{8E725E57-BD81-429B-9712-4DFB6ADC96E8}.Debug|Any CPU.Build.0 = Debug|Any CPU
		{8E725E57-BD81-429B-9712-4DFB6ADC96E8}.Release|Any CPU.ActiveCfg = Release|Any CPU
		{8E725E57-BD81-429B-9712-4DFB6ADC96E8}.Release|Any CPU.Build.0 = Release|Any CPU
	EndGlobalSection
	GlobalSection(SolutionProperties) = preSolution
		HideSolutionNode = FALSE
	EndGlobalSection
EndGlobal
